
Microsoft Visual Studio Solution File, Format Version 12.00
# Visual Studio 15
VisualStudioVersion = 15.0.27703.2042
MinimumVisualStudioVersion = 10.0.40219.1
Project("{FAE04EC0-301F-11D3-BF4B-00C04F79EFBC}") = "WebAPIsTrainingProject", "WebAPIs-TrainingProject\WebAPIsTrainingProject.csproj", "{A816C531-5000-4327-8F29-B3CF005D3B08}"
EndProject
Global
	GlobalSection(SolutionConfigurationPlatforms) = preSolution
		Debug|Any CPU = Debug|Any CPU
		Release|Any CPU = Release|Any CPU
	EndGlobalSection
	GlobalSection(ProjectConfigurationPlatforms) = postSolution
		{A816C531-5000-4327-8F29-B3CF005D3B08}.Debug|Any CPU.ActiveCfg = Debug|Any CPU
		{A816C531-5000-4327-8F29-B3CF005D3B08}.Debug|Any CPU.Build.0 = Debug|Any CPU
		{A816C531-5000-4327-8F29-B3CF005D3B08}.Release|Any CPU.ActiveCfg = Release|Any CPU
		{A816C531-5000-4327-8F29-B3CF005D3B08}.Release|Any CPU.Build.0 = Release|Any CPU
	EndGlobalSection
	GlobalSection(SolutionProperties) = preSolution
		HideSolutionNode = FALSE
	EndGlobalSection
	GlobalSection(ExtensibilityGlobals) = postSolution
		SolutionGuid = {0FC5AD90-2B0F-47E3-83DD-2C9A1943C599}
	EndGlobalSection
EndGlobal
